// !$*UTF8*$!
{
	archiveVersion = 1;
	classes = {
	};
	objectVersion = 51;
	objects = {

/* Begin PBXBuildFile section */
		0120066945321DE82A5A7D14 /* Pods_SportsApp_SportsAppUITests.framework in Frameworks */ = {isa = PBXBuildFile; fileRef = 40BBAE3F4881CBCEC1C35BED /* Pods_SportsApp_SportsAppUITests.framework */; };
		3D8E06C72BA34F0E7EEAA3E4 /* Pods_SportsAppTests.framework in Frameworks */ = {isa = PBXBuildFile; fileRef = 5BFCF2F75BCF774431AC4316 /* Pods_SportsAppTests.framework */; };
		D39549562630A536000B9D29 /* LeaguesViewController.swift in Sources */ = {isa = PBXBuildFile; fileRef = D39549552630A536000B9D29 /* LeaguesViewController.swift */; };
		D395495C2630A59C000B9D29 /* LeaguesTableViewCell.swift in Sources */ = {isa = PBXBuildFile; fileRef = D395495A2630A59C000B9D29 /* LeaguesTableViewCell.swift */; };
		D395496A2630AEBC000B9D29 /* URLs.swift in Sources */ = {isa = PBXBuildFile; fileRef = D39549692630AEBC000B9D29 /* URLs.swift */; };
		D3C372A5262E24A500C25080 /* AppDelegate.swift in Sources */ = {isa = PBXBuildFile; fileRef = D3C372A4262E24A500C25080 /* AppDelegate.swift */; };
		D3C372A7262E24A500C25080 /* SceneDelegate.swift in Sources */ = {isa = PBXBuildFile; fileRef = D3C372A6262E24A500C25080 /* SceneDelegate.swift */; };
		D3C372A9262E24A500C25080 /* ViewController.swift in Sources */ = {isa = PBXBuildFile; fileRef = D3C372A8262E24A500C25080 /* ViewController.swift */; };
		D3C372AC262E24A500C25080 /* Main.storyboard in Resources */ = {isa = PBXBuildFile; fileRef = D3C372AA262E24A500C25080 /* Main.storyboard */; };
		D3C372AF262E24A500C25080 /* SportsApp.xcdatamodeld in Sources */ = {isa = PBXBuildFile; fileRef = D3C372AD262E24A500C25080 /* SportsApp.xcdatamodeld */; };
		D3C372B1262E24A800C25080 /* Assets.xcassets in Resources */ = {isa = PBXBuildFile; fileRef = D3C372B0262E24A800C25080 /* Assets.xcassets */; };
		D3C372B4262E24A800C25080 /* LaunchScreen.storyboard in Resources */ = {isa = PBXBuildFile; fileRef = D3C372B2262E24A800C25080 /* LaunchScreen.storyboard */; };
		D3C372BF262E24A800C25080 /* SportsAppTests.swift in Sources */ = {isa = PBXBuildFile; fileRef = D3C372BE262E24A800C25080 /* SportsAppTests.swift */; };
		D3C372CA262E24A800C25080 /* SportsAppUITests.swift in Sources */ = {isa = PBXBuildFile; fileRef = D3C372C9262E24A800C25080 /* SportsAppUITests.swift */; };
		D3FC21E7263312E800D803A4 /* SportsViewModel.swift in Sources */ = {isa = PBXBuildFile; fileRef = D3FC21E6263312E800D803A4 /* SportsViewModel.swift */; };
		D3FC21ED2633133E00D803A4 /* NetworkService.swift in Sources */ = {isa = PBXBuildFile; fileRef = D3FC21EC2633133E00D803A4 /* NetworkService.swift */; };
		D3FC21F52633195F00D803A4 /* CustomSportsCollectionViewCell.swift in Sources */ = {isa = PBXBuildFile; fileRef = D3FC21F42633195F00D803A4 /* CustomSportsCollectionViewCell.swift */; };
		D3FC21FA263319C000D803A4 /* SportsViewController.swift in Sources */ = {isa = PBXBuildFile; fileRef = D3FC21F9263319C000D803A4 /* SportsViewController.swift */; };
		D3FC220926331B8000D803A4 /* LeaguesViewModel.swift in Sources */ = {isa = PBXBuildFile; fileRef = D3FC220826331B8000D803A4 /* LeaguesViewModel.swift */; };
		D3FC22122633273900D803A4 /* FactoryService.swift in Sources */ = {isa = PBXBuildFile; fileRef = D3FC22112633273900D803A4 /* FactoryService.swift */; };
		D3FC22172633278500D803A4 /* DataSourceDelegate.swift in Sources */ = {isa = PBXBuildFile; fileRef = D3FC22162633278500D803A4 /* DataSourceDelegate.swift */; };
		D3FC222C2633375600D803A4 /* Sport.swift in Sources */ = {isa = PBXBuildFile; fileRef = D3FC22292633375600D803A4 /* Sport.swift */; };
		D3FC222D2633375600D803A4 /* League.swift in Sources */ = {isa = PBXBuildFile; fileRef = D3FC222A2633375600D803A4 /* League.swift */; };
		E290DC14263A2D6600389702 /* SportsViewModelTest.swift in Sources */ = {isa = PBXBuildFile; fileRef = E290DC13263A2D6600389702 /* SportsViewModelTest.swift */; };
		E290DC19263A377C00389702 /* TeamViewModelTest.swift in Sources */ = {isa = PBXBuildFile; fileRef = E290DC18263A377C00389702 /* TeamViewModelTest.swift */; };
		E2D10B702638D30E006EF30E /* TeamDetailsViewController.swift in Sources */ = {isa = PBXBuildFile; fileRef = E2D10B6F2638D30E006EF30E /* TeamDetailsViewController.swift */; };
		E2D10B752638D84C006EF30E /* Teams.swift in Sources */ = {isa = PBXBuildFile; fileRef = E2D10B742638D84C006EF30E /* Teams.swift */; };
		E2D10B7A2638DB4A006EF30E /* TeamViewModel.swift in Sources */ = {isa = PBXBuildFile; fileRef = E2D10B792638DB4A006EF30E /* TeamViewModel.swift */; };
		E2F6011C2634E0A700A2F4F1 /* OfflineService.swift in Sources */ = {isa = PBXBuildFile; fileRef = E2F6011B2634E0A700A2F4F1 /* OfflineService.swift */; };
		F3729A74DA9E16AAA079A5DE /* Pods_SportsApp.framework in Frameworks */ = {isa = PBXBuildFile; fileRef = 92A38D180839B28E3F7B0662 /* Pods_SportsApp.framework */; };
/* End PBXBuildFile section */

/* Begin PBXContainerItemProxy section */
		D3C372BB262E24A800C25080 /* PBXContainerItemProxy */ = {
			isa = PBXContainerItemProxy;
			containerPortal = D3C37299262E24A500C25080 /* Project object */;
			proxyType = 1;
			remoteGlobalIDString = D3C372A0262E24A500C25080;
			remoteInfo = SportsApp;
		};
		D3C372C6262E24A800C25080 /* PBXContainerItemProxy */ = {
			isa = PBXContainerItemProxy;
			containerPortal = D3C37299262E24A500C25080 /* Project object */;
			proxyType = 1;
			remoteGlobalIDString = D3C372A0262E24A500C25080;
			remoteInfo = SportsApp;
		};
/* End PBXContainerItemProxy section */

/* Begin PBXFileReference section */
		40BBAE3F4881CBCEC1C35BED /* Pods_SportsApp_SportsAppUITests.framework */ = {isa = PBXFileReference; explicitFileType = wrapper.framework; includeInIndex = 0; path = Pods_SportsApp_SportsAppUITests.framework; sourceTree = BUILT_PRODUCTS_DIR; };
		5B0BAF2339041B2EDCBA1763 /* Pods-SportsAppTests.debug.xcconfig */ = {isa = PBXFileReference; includeInIndex = 1; lastKnownFileType = text.xcconfig; name = "Pods-SportsAppTests.debug.xcconfig"; path = "Target Support Files/Pods-SportsAppTests/Pods-SportsAppTests.debug.xcconfig"; sourceTree = "<group>"; };
		5BFCF2F75BCF774431AC4316 /* Pods_SportsAppTests.framework */ = {isa = PBXFileReference; explicitFileType = wrapper.framework; includeInIndex = 0; path = Pods_SportsAppTests.framework; sourceTree = BUILT_PRODUCTS_DIR; };
		92A38D180839B28E3F7B0662 /* Pods_SportsApp.framework */ = {isa = PBXFileReference; explicitFileType = wrapper.framework; includeInIndex = 0; path = Pods_SportsApp.framework; sourceTree = BUILT_PRODUCTS_DIR; };
		9AB0D55D02C56D11C57DBD83 /* Pods-SportsApp.debug.xcconfig */ = {isa = PBXFileReference; includeInIndex = 1; lastKnownFileType = text.xcconfig; name = "Pods-SportsApp.debug.xcconfig"; path = "Target Support Files/Pods-SportsApp/Pods-SportsApp.debug.xcconfig"; sourceTree = "<group>"; };
		BE3B55902571FBB8A0B49A80 /* Pods-SportsApp.release.xcconfig */ = {isa = PBXFileReference; includeInIndex = 1; lastKnownFileType = text.xcconfig; name = "Pods-SportsApp.release.xcconfig"; path = "Target Support Files/Pods-SportsApp/Pods-SportsApp.release.xcconfig"; sourceTree = "<group>"; };
		D0EEACE6DE31022DDF8A3BC0 /* Pods-SportsAppTests.release.xcconfig */ = {isa = PBXFileReference; includeInIndex = 1; lastKnownFileType = text.xcconfig; name = "Pods-SportsAppTests.release.xcconfig"; path = "Target Support Files/Pods-SportsAppTests/Pods-SportsAppTests.release.xcconfig"; sourceTree = "<group>"; };
		D1B4E7499360CB20214EB406 /* Pods-SportsApp-SportsAppUITests.debug.xcconfig */ = {isa = PBXFileReference; includeInIndex = 1; lastKnownFileType = text.xcconfig; name = "Pods-SportsApp-SportsAppUITests.debug.xcconfig"; path = "Target Support Files/Pods-SportsApp-SportsAppUITests/Pods-SportsApp-SportsAppUITests.debug.xcconfig"; sourceTree = "<group>"; };
		D39549552630A536000B9D29 /* LeaguesViewController.swift */ = {isa = PBXFileReference; lastKnownFileType = sourcecode.swift; path = LeaguesViewController.swift; sourceTree = "<group>"; };
		D395495A2630A59C000B9D29 /* LeaguesTableViewCell.swift */ = {isa = PBXFileReference; lastKnownFileType = sourcecode.swift; path = LeaguesTableViewCell.swift; sourceTree = "<group>"; };
		D39549692630AEBC000B9D29 /* URLs.swift */ = {isa = PBXFileReference; lastKnownFileType = sourcecode.swift; path = URLs.swift; sourceTree = "<group>"; };
		D3C372A1262E24A500C25080 /* SportsApp.app */ = {isa = PBXFileReference; explicitFileType = wrapper.application; includeInIndex = 0; path = SportsApp.app; sourceTree = BUILT_PRODUCTS_DIR; };
		D3C372A4262E24A500C25080 /* AppDelegate.swift */ = {isa = PBXFileReference; lastKnownFileType = sourcecode.swift; path = AppDelegate.swift; sourceTree = "<group>"; };
		D3C372A6262E24A500C25080 /* SceneDelegate.swift */ = {isa = PBXFileReference; lastKnownFileType = sourcecode.swift; path = SceneDelegate.swift; sourceTree = "<group>"; };
		D3C372A8262E24A500C25080 /* ViewController.swift */ = {isa = PBXFileReference; lastKnownFileType = sourcecode.swift; path = ViewController.swift; sourceTree = "<group>"; };
		D3C372AB262E24A500C25080 /* Base */ = {isa = PBXFileReference; lastKnownFileType = file.storyboard; name = Base; path = Base.lproj/Main.storyboard; sourceTree = "<group>"; };
		D3C372AE262E24A500C25080 /* SportsApp.xcdatamodel */ = {isa = PBXFileReference; lastKnownFileType = wrapper.xcdatamodel; path = SportsApp.xcdatamodel; sourceTree = "<group>"; };
		D3C372B0262E24A800C25080 /* Assets.xcassets */ = {isa = PBXFileReference; lastKnownFileType = folder.assetcatalog; path = Assets.xcassets; sourceTree = "<group>"; };
		D3C372B3262E24A800C25080 /* Base */ = {isa = PBXFileReference; lastKnownFileType = file.storyboard; name = Base; path = Base.lproj/LaunchScreen.storyboard; sourceTree = "<group>"; };
		D3C372B5262E24A800C25080 /* Info.plist */ = {isa = PBXFileReference; lastKnownFileType = text.plist.xml; path = Info.plist; sourceTree = "<group>"; };
		D3C372BA262E24A800C25080 /* SportsAppTests.xctest */ = {isa = PBXFileReference; explicitFileType = wrapper.cfbundle; includeInIndex = 0; path = SportsAppTests.xctest; sourceTree = BUILT_PRODUCTS_DIR; };
		D3C372BE262E24A800C25080 /* SportsAppTests.swift */ = {isa = PBXFileReference; lastKnownFileType = sourcecode.swift; path = SportsAppTests.swift; sourceTree = "<group>"; };
		D3C372C0262E24A800C25080 /* Info.plist */ = {isa = PBXFileReference; lastKnownFileType = text.plist.xml; path = Info.plist; sourceTree = "<group>"; };
		D3C372C5262E24A800C25080 /* SportsAppUITests.xctest */ = {isa = PBXFileReference; explicitFileType = wrapper.cfbundle; includeInIndex = 0; path = SportsAppUITests.xctest; sourceTree = BUILT_PRODUCTS_DIR; };
		D3C372C9262E24A800C25080 /* SportsAppUITests.swift */ = {isa = PBXFileReference; lastKnownFileType = sourcecode.swift; path = SportsAppUITests.swift; sourceTree = "<group>"; };
		D3C372CB262E24A800C25080 /* Info.plist */ = {isa = PBXFileReference; lastKnownFileType = text.plist.xml; path = Info.plist; sourceTree = "<group>"; };
		D3FC21E6263312E800D803A4 /* SportsViewModel.swift */ = {isa = PBXFileReference; lastKnownFileType = sourcecode.swift; path = SportsViewModel.swift; sourceTree = "<group>"; };
		D3FC21EC2633133E00D803A4 /* NetworkService.swift */ = {isa = PBXFileReference; lastKnownFileType = sourcecode.swift; path = NetworkService.swift; sourceTree = "<group>"; };
		D3FC21F42633195F00D803A4 /* CustomSportsCollectionViewCell.swift */ = {isa = PBXFileReference; lastKnownFileType = sourcecode.swift; path = CustomSportsCollectionViewCell.swift; sourceTree = "<group>"; };
		D3FC21F9263319C000D803A4 /* SportsViewController.swift */ = {isa = PBXFileReference; lastKnownFileType = sourcecode.swift; path = SportsViewController.swift; sourceTree = "<group>"; };
		D3FC220826331B8000D803A4 /* LeaguesViewModel.swift */ = {isa = PBXFileReference; lastKnownFileType = sourcecode.swift; path = LeaguesViewModel.swift; sourceTree = "<group>"; };
		D3FC22112633273900D803A4 /* FactoryService.swift */ = {isa = PBXFileReference; lastKnownFileType = sourcecode.swift; path = FactoryService.swift; sourceTree = "<group>"; };
		D3FC22162633278500D803A4 /* DataSourceDelegate.swift */ = {isa = PBXFileReference; lastKnownFileType = sourcecode.swift; path = DataSourceDelegate.swift; sourceTree = "<group>"; };
		D3FC22292633375600D803A4 /* Sport.swift */ = {isa = PBXFileReference; fileEncoding = 4; lastKnownFileType = sourcecode.swift; path = Sport.swift; sourceTree = "<group>"; };
		D3FC222A2633375600D803A4 /* League.swift */ = {isa = PBXFileReference; fileEncoding = 4; lastKnownFileType = sourcecode.swift; path = League.swift; sourceTree = "<group>"; };
		E290DC13263A2D6600389702 /* SportsViewModelTest.swift */ = {isa = PBXFileReference; lastKnownFileType = sourcecode.swift; path = SportsViewModelTest.swift; sourceTree = "<group>"; };
		E290DC18263A377C00389702 /* TeamViewModelTest.swift */ = {isa = PBXFileReference; lastKnownFileType = sourcecode.swift; path = TeamViewModelTest.swift; sourceTree = "<group>"; };
		E2D10B6F2638D30E006EF30E /* TeamDetailsViewController.swift */ = {isa = PBXFileReference; lastKnownFileType = sourcecode.swift; path = TeamDetailsViewController.swift; sourceTree = "<group>"; };
		E2D10B742638D84C006EF30E /* Teams.swift */ = {isa = PBXFileReference; lastKnownFileType = sourcecode.swift; name = Teams.swift; path = SportsApp/entity/Teams.swift; sourceTree = SOURCE_ROOT; };
		E2D10B792638DB4A006EF30E /* TeamViewModel.swift */ = {isa = PBXFileReference; lastKnownFileType = sourcecode.swift; path = TeamViewModel.swift; sourceTree = "<group>"; };
		E2F6011B2634E0A700A2F4F1 /* OfflineService.swift */ = {isa = PBXFileReference; lastKnownFileType = sourcecode.swift; path = OfflineService.swift; sourceTree = "<group>"; };
		F3DD3823F8B22F45491EEE44 /* Pods-SportsApp-SportsAppUITests.release.xcconfig */ = {isa = PBXFileReference; includeInIndex = 1; lastKnownFileType = text.xcconfig; name = "Pods-SportsApp-SportsAppUITests.release.xcconfig"; path = "Target Support Files/Pods-SportsApp-SportsAppUITests/Pods-SportsApp-SportsAppUITests.release.xcconfig"; sourceTree = "<group>"; };
/* End PBXFileReference section */

/* Begin PBXFrameworksBuildPhase section */
		D3C3729E262E24A500C25080 /* Frameworks */ = {
			isa = PBXFrameworksBuildPhase;
			buildActionMask = 2147483647;
			files = (
				F3729A74DA9E16AAA079A5DE /* Pods_SportsApp.framework in Frameworks */,
			);
			runOnlyForDeploymentPostprocessing = 0;
		};
		D3C372B7262E24A800C25080 /* Frameworks */ = {
			isa = PBXFrameworksBuildPhase;
			buildActionMask = 2147483647;
			files = (
				3D8E06C72BA34F0E7EEAA3E4 /* Pods_SportsAppTests.framework in Frameworks */,
			);
			runOnlyForDeploymentPostprocessing = 0;
		};
		D3C372C2262E24A800C25080 /* Frameworks */ = {
			isa = PBXFrameworksBuildPhase;
			buildActionMask = 2147483647;
			files = (
				0120066945321DE82A5A7D14 /* Pods_SportsApp_SportsAppUITests.framework in Frameworks */,
			);
			runOnlyForDeploymentPostprocessing = 0;
		};
/* End PBXFrameworksBuildPhase section */

/* Begin PBXGroup section */
		8A179C745E83EA444DD17A70 /* Pods */ = {
			isa = PBXGroup;
			children = (
				9AB0D55D02C56D11C57DBD83 /* Pods-SportsApp.debug.xcconfig */,
				BE3B55902571FBB8A0B49A80 /* Pods-SportsApp.release.xcconfig */,
				D1B4E7499360CB20214EB406 /* Pods-SportsApp-SportsAppUITests.debug.xcconfig */,
				F3DD3823F8B22F45491EEE44 /* Pods-SportsApp-SportsAppUITests.release.xcconfig */,
				5B0BAF2339041B2EDCBA1763 /* Pods-SportsAppTests.debug.xcconfig */,
				D0EEACE6DE31022DDF8A3BC0 /* Pods-SportsAppTests.release.xcconfig */,
			);
			path = Pods;
			sourceTree = "<group>";
		};
		C00507826ADAAEBD3A0A66A7 /* Frameworks */ = {
			isa = PBXGroup;
			children = (
				92A38D180839B28E3F7B0662 /* Pods_SportsApp.framework */,
				40BBAE3F4881CBCEC1C35BED /* Pods_SportsApp_SportsAppUITests.framework */,
				5BFCF2F75BCF774431AC4316 /* Pods_SportsAppTests.framework */,
			);
			name = Frameworks;
			sourceTree = "<group>";
		};
		D3C37298262E24A500C25080 = {
			isa = PBXGroup;
			children = (
				D3C372A3262E24A500C25080 /* SportsApp */,
				D3C372BD262E24A800C25080 /* SportsAppTests */,
				D3C372C8262E24A800C25080 /* SportsAppUITests */,
				D3C372A2262E24A500C25080 /* Products */,
				8A179C745E83EA444DD17A70 /* Pods */,
				C00507826ADAAEBD3A0A66A7 /* Frameworks */,
			);
			sourceTree = "<group>";
		};
		D3C372A2262E24A500C25080 /* Products */ = {
			isa = PBXGroup;
			children = (
				D3C372A1262E24A500C25080 /* SportsApp.app */,
				D3C372BA262E24A800C25080 /* SportsAppTests.xctest */,
				D3C372C5262E24A800C25080 /* SportsAppUITests.xctest */,
			);
			name = Products;
			sourceTree = "<group>";
		};
		D3C372A3262E24A500C25080 /* SportsApp */ = {
			isa = PBXGroup;
			children = (
				D3FC21D32633109B00D803A4 /* Constants */,
				D3FC21D026330FB600D803A4 /* Model */,
				D3FC21D12633102A00D803A4 /* View */,
				D3FC21D22633104C00D803A4 /* ViewModel */,
				D3FC22272633375600D803A4 /* Entity */,
				D3C372A4262E24A500C25080 /* AppDelegate.swift */,
				D3C372A6262E24A500C25080 /* SceneDelegate.swift */,
				D3C372A8262E24A500C25080 /* ViewController.swift */,
				D3C372B0262E24A800C25080 /* Assets.xcassets */,
				D3C372B2262E24A800C25080 /* LaunchScreen.storyboard */,
				D3C372B5262E24A800C25080 /* Info.plist */,
				D3C372AD262E24A500C25080 /* SportsApp.xcdatamodeld */,
			);
			path = SportsApp;
			sourceTree = "<group>";
		};
		D3C372BD262E24A800C25080 /* SportsAppTests */ = {
			isa = PBXGroup;
			children = (
				D3C372BE262E24A800C25080 /* SportsAppTests.swift */,
				D3C372C0262E24A800C25080 /* Info.plist */,
				E290DC13263A2D6600389702 /* SportsViewModelTest.swift */,
				E290DC18263A377C00389702 /* TeamViewModelTest.swift */,
			);
			path = SportsAppTests;
			sourceTree = "<group>";
		};
		D3C372C8262E24A800C25080 /* SportsAppUITests */ = {
			isa = PBXGroup;
			children = (
				D3C372C9262E24A800C25080 /* SportsAppUITests.swift */,
				D3C372CB262E24A800C25080 /* Info.plist */,
			);
			path = SportsAppUITests;
			sourceTree = "<group>";
		};
		D3FC21D026330FB600D803A4 /* Model */ = {
			isa = PBXGroup;
			children = (
				E2F6011A2634DA9D00A2F4F1 /* OfflineModel */,
				D3FC220D2633211900D803A4 /* FactoryModel */,
				D3FC21EB2633131800D803A4 /* NetworkModel */,
			);
			path = Model;
			sourceTree = "<group>";
		};
		D3FC21D12633102A00D803A4 /* View */ = {
			isa = PBXGroup;
			children = (
				D3FC21D62633114700D803A4 /* ViewCells */,
				D3FC21D42633111D00D803A4 /* ViewControllers */,
				D3C372AA262E24A500C25080 /* Main.storyboard */,
			);
			path = View;
			sourceTree = "<group>";
		};
		D3FC21D22633104C00D803A4 /* ViewModel */ = {
			isa = PBXGroup;
			children = (
				D3FC21E6263312E800D803A4 /* SportsViewModel.swift */,
				D3FC220826331B8000D803A4 /* LeaguesViewModel.swift */,
				E2D10B792638DB4A006EF30E /* TeamViewModel.swift */,
			);
			path = ViewModel;
			sourceTree = "<group>";
		};
		D3FC21D32633109B00D803A4 /* Constants */ = {
			isa = PBXGroup;
			children = (
				D39549692630AEBC000B9D29 /* URLs.swift */,
			);
			path = Constants;
			sourceTree = "<group>";
		};
		D3FC21D42633111D00D803A4 /* ViewControllers */ = {
			isa = PBXGroup;
			children = (
				D39549552630A536000B9D29 /* LeaguesViewController.swift */,
				D3FC21F9263319C000D803A4 /* SportsViewController.swift */,
				E2D10B6F2638D30E006EF30E /* TeamDetailsViewController.swift */,
			);
			path = ViewControllers;
			sourceTree = "<group>";
		};
		D3FC21D62633114700D803A4 /* ViewCells */ = {
			isa = PBXGroup;
			children = (
				D395495A2630A59C000B9D29 /* LeaguesTableViewCell.swift */,
				D3FC21F42633195F00D803A4 /* CustomSportsCollectionViewCell.swift */,
			);
			path = ViewCells;
			sourceTree = "<group>";
		};
		D3FC21EB2633131800D803A4 /* NetworkModel */ = {
			isa = PBXGroup;
			children = (
				D3FC21EC2633133E00D803A4 /* NetworkService.swift */,
			);
			path = NetworkModel;
			sourceTree = "<group>";
		};
		D3FC220D2633211900D803A4 /* FactoryModel */ = {
			isa = PBXGroup;
			children = (
				D3FC22112633273900D803A4 /* FactoryService.swift */,
				D3FC22162633278500D803A4 /* DataSourceDelegate.swift */,
			);
			path = FactoryModel;
			sourceTree = "<group>";
		};
		D3FC22272633375600D803A4 /* Entity */ = {
			isa = PBXGroup;
			children = (
				D3FC22292633375600D803A4 /* Sport.swift */,
				D3FC222A2633375600D803A4 /* League.swift */,
				E2D10B742638D84C006EF30E /* Teams.swift */,
			);
			name = Entity;
			path = SportsApp/Entity;
			sourceTree = SOURCE_ROOT;
		};
		E2F6011A2634DA9D00A2F4F1 /* OfflineModel */ = {
			isa = PBXGroup;
			children = (
				E2F6011B2634E0A700A2F4F1 /* OfflineService.swift */,
			);
			path = OfflineModel;
			sourceTree = "<group>";
		};
/* End PBXGroup section */

/* Begin PBXNativeTarget section */
		D3C372A0262E24A500C25080 /* SportsApp */ = {
			isa = PBXNativeTarget;
			buildConfigurationList = D3C372CE262E24A800C25080 /* Build configuration list for PBXNativeTarget "SportsApp" */;
			buildPhases = (
				AF8C54DBF8A79A5D5565C8E2 /* [CP] Check Pods Manifest.lock */,
				D3C3729D262E24A500C25080 /* Sources */,
				D3C3729E262E24A500C25080 /* Frameworks */,
				D3C3729F262E24A500C25080 /* Resources */,
				838D459FA2C885CF76F0439A /* [CP] Embed Pods Frameworks */,
			);
			buildRules = (
			);
			dependencies = (
			);
			name = SportsApp;
			productName = SportsApp;
			productReference = D3C372A1262E24A500C25080 /* SportsApp.app */;
			productType = "com.apple.product-type.application";
		};
		D3C372B9262E24A800C25080 /* SportsAppTests */ = {
			isa = PBXNativeTarget;
			buildConfigurationList = D3C372D1262E24A800C25080 /* Build configuration list for PBXNativeTarget "SportsAppTests" */;
			buildPhases = (
				50270C90A4D9613273FD2829 /* [CP] Check Pods Manifest.lock */,
				D3C372B6262E24A800C25080 /* Sources */,
				D3C372B7262E24A800C25080 /* Frameworks */,
				D3C372B8262E24A800C25080 /* Resources */,
			);
			buildRules = (
			);
			dependencies = (
				D3C372BC262E24A800C25080 /* PBXTargetDependency */,
			);
			name = SportsAppTests;
			productName = SportsAppTests;
			productReference = D3C372BA262E24A800C25080 /* SportsAppTests.xctest */;
			productType = "com.apple.product-type.bundle.unit-test";
		};
		D3C372C4262E24A800C25080 /* SportsAppUITests */ = {
			isa = PBXNativeTarget;
			buildConfigurationList = D3C372D4262E24A800C25080 /* Build configuration list for PBXNativeTarget "SportsAppUITests" */;
			buildPhases = (
				19E99C195D7531CE0D93F292 /* [CP] Check Pods Manifest.lock */,
				D3C372C1262E24A800C25080 /* Sources */,
				D3C372C2262E24A800C25080 /* Frameworks */,
				D3C372C3262E24A800C25080 /* Resources */,
				854F2BF5117D4FF2D84F05F2 /* [CP] Embed Pods Frameworks */,
			);
			buildRules = (
			);
			dependencies = (
				D3C372C7262E24A800C25080 /* PBXTargetDependency */,
			);
			name = SportsAppUITests;
			productName = SportsAppUITests;
			productReference = D3C372C5262E24A800C25080 /* SportsAppUITests.xctest */;
			productType = "com.apple.product-type.bundle.ui-testing";
		};
/* End PBXNativeTarget section */

/* Begin PBXProject section */
		D3C37299262E24A500C25080 /* Project object */ = {
			isa = PBXProject;
			attributes = {
				LastSwiftUpdateCheck = 1220;
				LastUpgradeCheck = 1220;
				TargetAttributes = {
					D3C372A0262E24A500C25080 = {
						CreatedOnToolsVersion = 12.2;
					};
					D3C372B9262E24A800C25080 = {
						CreatedOnToolsVersion = 12.2;
						TestTargetID = D3C372A0262E24A500C25080;
					};
					D3C372C4262E24A800C25080 = {
						CreatedOnToolsVersion = 12.2;
						TestTargetID = D3C372A0262E24A500C25080;
					};
				};
			};
			buildConfigurationList = D3C3729C262E24A500C25080 /* Build configuration list for PBXProject "SportsApp" */;
			compatibilityVersion = "Xcode 9.3";
			developmentRegion = en;
			hasScannedForEncodings = 0;
			knownRegions = (
				en,
				Base,
			);
			mainGroup = D3C37298262E24A500C25080;
			productRefGroup = D3C372A2262E24A500C25080 /* Products */;
			projectDirPath = "";
			projectRoot = "";
			targets = (
				D3C372A0262E24A500C25080 /* SportsApp */,
				D3C372B9262E24A800C25080 /* SportsAppTests */,
				D3C372C4262E24A800C25080 /* SportsAppUITests */,
			);
		};
/* End PBXProject section */

/* Begin PBXResourcesBuildPhase section */
		D3C3729F262E24A500C25080 /* Resources */ = {
			isa = PBXResourcesBuildPhase;
			buildActionMask = 2147483647;
			files = (
				D3C372B4262E24A800C25080 /* LaunchScreen.storyboard in Resources */,
				D3C372B1262E24A800C25080 /* Assets.xcassets in Resources */,
				D3C372AC262E24A500C25080 /* Main.storyboard in Resources */,
			);
			runOnlyForDeploymentPostprocessing = 0;
		};
		D3C372B8262E24A800C25080 /* Resources */ = {
			isa = PBXResourcesBuildPhase;
			buildActionMask = 2147483647;
			files = (
			);
			runOnlyForDeploymentPostprocessing = 0;
		};
		D3C372C3262E24A800C25080 /* Resources */ = {
			isa = PBXResourcesBuildPhase;
			buildActionMask = 2147483647;
			files = (
			);
			runOnlyForDeploymentPostprocessing = 0;
		};
/* End PBXResourcesBuildPhase section */

/* Begin PBXShellScriptBuildPhase section */
		19E99C195D7531CE0D93F292 /* [CP] Check Pods Manifest.lock */ = {
			isa = PBXShellScriptBuildPhase;
			buildActionMask = 2147483647;
			files = (
			);
			inputFileListPaths = (
			);
			inputPaths = (
				"${PODS_PODFILE_DIR_PATH}/Podfile.lock",
				"${PODS_ROOT}/Manifest.lock",
			);
			name = "[CP] Check Pods Manifest.lock";
			outputFileListPaths = (
			);
			outputPaths = (
				"$(DERIVED_FILE_DIR)/Pods-SportsApp-SportsAppUITests-checkManifestLockResult.txt",
			);
			runOnlyForDeploymentPostprocessing = 0;
			shellPath = /bin/sh;
			shellScript = "diff \"${PODS_PODFILE_DIR_PATH}/Podfile.lock\" \"${PODS_ROOT}/Manifest.lock\" > /dev/null\nif [ $? != 0 ] ; then\n    # print error to STDERR\n    echo \"error: The sandbox is not in sync with the Podfile.lock. Run 'pod install' or update your CocoaPods installation.\" >&2\n    exit 1\nfi\n# This output is used by Xcode 'outputs' to avoid re-running this script phase.\necho \"SUCCESS\" > \"${SCRIPT_OUTPUT_FILE_0}\"\n";
			showEnvVarsInLog = 0;
		};
		50270C90A4D9613273FD2829 /* [CP] Check Pods Manifest.lock */ = {
			isa = PBXShellScriptBuildPhase;
			buildActionMask = 2147483647;
			files = (
			);
			inputFileListPaths = (
			);
			inputPaths = (
				"${PODS_PODFILE_DIR_PATH}/Podfile.lock",
				"${PODS_ROOT}/Manifest.lock",
			);
			name = "[CP] Check Pods Manifest.lock";
			outputFileListPaths = (
			);
			outputPaths = (
				"$(DERIVED_FILE_DIR)/Pods-SportsAppTests-checkManifestLockResult.txt",
			);
			runOnlyForDeploymentPostprocessing = 0;
			shellPath = /bin/sh;
			shellScript = "diff \"${PODS_PODFILE_DIR_PATH}/Podfile.lock\" \"${PODS_ROOT}/Manifest.lock\" > /dev/null\nif [ $? != 0 ] ; then\n    # print error to STDERR\n    echo \"error: The sandbox is not in sync with the Podfile.lock. Run 'pod install' or update your CocoaPods installation.\" >&2\n    exit 1\nfi\n# This output is used by Xcode 'outputs' to avoid re-running this script phase.\necho \"SUCCESS\" > \"${SCRIPT_OUTPUT_FILE_0}\"\n";
			showEnvVarsInLog = 0;
		};
		838D459FA2C885CF76F0439A /* [CP] Embed Pods Frameworks */ = {
			isa = PBXShellScriptBuildPhase;
			buildActionMask = 2147483647;
			files = (
			);
			inputFileListPaths = (
				"${PODS_ROOT}/Target Support Files/Pods-SportsApp/Pods-SportsApp-frameworks-${CONFIGURATION}-input-files.xcfilelist",
			);
			name = "[CP] Embed Pods Frameworks";
			outputFileListPaths = (
				"${PODS_ROOT}/Target Support Files/Pods-SportsApp/Pods-SportsApp-frameworks-${CONFIGURATION}-output-files.xcfilelist",
			);
			runOnlyForDeploymentPostprocessing = 0;
			shellPath = /bin/sh;
			shellScript = "\"${PODS_ROOT}/Target Support Files/Pods-SportsApp/Pods-SportsApp-frameworks.sh\"\n";
			showEnvVarsInLog = 0;
		};
		854F2BF5117D4FF2D84F05F2 /* [CP] Embed Pods Frameworks */ = {
			isa = PBXShellScriptBuildPhase;
			buildActionMask = 2147483647;
			files = (
			);
			inputFileListPaths = (
				"${PODS_ROOT}/Target Support Files/Pods-SportsApp-SportsAppUITests/Pods-SportsApp-SportsAppUITests-frameworks-${CONFIGURATION}-input-files.xcfilelist",
			);
			name = "[CP] Embed Pods Frameworks";
			outputFileListPaths = (
				"${PODS_ROOT}/Target Support Files/Pods-SportsApp-SportsAppUITests/Pods-SportsApp-SportsAppUITests-frameworks-${CONFIGURATION}-output-files.xcfilelist",
			);
			runOnlyForDeploymentPostprocessing = 0;
			shellPath = /bin/sh;
			shellScript = "\"${PODS_ROOT}/Target Support Files/Pods-SportsApp-SportsAppUITests/Pods-SportsApp-SportsAppUITests-frameworks.sh\"\n";
			showEnvVarsInLog = 0;
		};
		AF8C54DBF8A79A5D5565C8E2 /* [CP] Check Pods Manifest.lock */ = {
			isa = PBXShellScriptBuildPhase;
			buildActionMask = 2147483647;
			files = (
			);
			inputFileListPaths = (
			);
			inputPaths = (
				"${PODS_PODFILE_DIR_PATH}/Podfile.lock",
				"${PODS_ROOT}/Manifest.lock",
			);
			name = "[CP] Check Pods Manifest.lock";
			outputFileListPaths = (
			);
			outputPaths = (
				"$(DERIVED_FILE_DIR)/Pods-SportsApp-checkManifestLockResult.txt",
			);
			runOnlyForDeploymentPostprocessing = 0;
			shellPath = /bin/sh;
			shellScript = "diff \"${PODS_PODFILE_DIR_PATH}/Podfile.lock\" \"${PODS_ROOT}/Manifest.lock\" > /dev/null\nif [ $? != 0 ] ; then\n    # print error to STDERR\n    echo \"error: The sandbox is not in sync with the Podfile.lock. Run 'pod install' or update your CocoaPods installation.\" >&2\n    exit 1\nfi\n# This output is used by Xcode 'outputs' to avoid re-running this script phase.\necho \"SUCCESS\" > \"${SCRIPT_OUTPUT_FILE_0}\"\n";
			showEnvVarsInLog = 0;
		};
/* End PBXShellScriptBuildPhase section */

/* Begin PBXSourcesBuildPhase section */
		D3C3729D262E24A500C25080 /* Sources */ = {
			isa = PBXSourcesBuildPhase;
			buildActionMask = 2147483647;
			files = (
				D3C372A9262E24A500C25080 /* ViewController.swift in Sources */,
				D3C372A5262E24A500C25080 /* AppDelegate.swift in Sources */,
				D395496A2630AEBC000B9D29 /* URLs.swift in Sources */,
				D3FC21FA263319C000D803A4 /* SportsViewController.swift in Sources */,
				D39549562630A536000B9D29 /* LeaguesViewController.swift in Sources */,
				E2D10B7A2638DB4A006EF30E /* TeamViewModel.swift in Sources */,
				D3FC22122633273900D803A4 /* FactoryService.swift in Sources */,
				D3FC220926331B8000D803A4 /* LeaguesViewModel.swift in Sources */,
				D3C372AF262E24A500C25080 /* SportsApp.xcdatamodeld in Sources */,
				D395495C2630A59C000B9D29 /* LeaguesTableViewCell.swift in Sources */,
				D3FC21E7263312E800D803A4 /* SportsViewModel.swift in Sources */,
				D3FC21F52633195F00D803A4 /* CustomSportsCollectionViewCell.swift in Sources */,
				D3FC21ED2633133E00D803A4 /* NetworkService.swift in Sources */,
				D3C372A7262E24A500C25080 /* SceneDelegate.swift in Sources */,
				D3FC222D2633375600D803A4 /* League.swift in Sources */,
				E2F6011C2634E0A700A2F4F1 /* OfflineService.swift in Sources */,
				D3FC222C2633375600D803A4 /* Sport.swift in Sources */,
				E2D10B702638D30E006EF30E /* TeamDetailsViewController.swift in Sources */,
				D3FC22172633278500D803A4 /* DataSourceDelegate.swift in Sources */,
				E2D10B752638D84C006EF30E /* Teams.swift in Sources */,
			);
			runOnlyForDeploymentPostprocessing = 0;
		};
		D3C372B6262E24A800C25080 /* Sources */ = {
			isa = PBXSourcesBuildPhase;
			buildActionMask = 2147483647;
			files = (
				D3C372BF262E24A800C25080 /* SportsAppTests.swift in Sources */,
				E290DC14263A2D6600389702 /* SportsViewModelTest.swift in Sources */,
				E290DC19263A377C00389702 /* TeamViewModelTest.swift in Sources */,
			);
			runOnlyForDeploymentPostprocessing = 0;
		};
		D3C372C1262E24A800C25080 /* Sources */ = {
			isa = PBXSourcesBuildPhase;
			buildActionMask = 2147483647;
			files = (
				D3C372CA262E24A800C25080 /* SportsAppUITests.swift in Sources */,
			);
			runOnlyForDeploymentPostprocessing = 0;
		};
/* End PBXSourcesBuildPhase section */

/* Begin PBXTargetDependency section */
		D3C372BC262E24A800C25080 /* PBXTargetDependency */ = {
			isa = PBXTargetDependency;
			target = D3C372A0262E24A500C25080 /* SportsApp */;
			targetProxy = D3C372BB262E24A800C25080 /* PBXContainerItemProxy */;
		};
		D3C372C7262E24A800C25080 /* PBXTargetDependency */ = {
			isa = PBXTargetDependency;
			target = D3C372A0262E24A500C25080 /* SportsApp */;
			targetProxy = D3C372C6262E24A800C25080 /* PBXContainerItemProxy */;
		};
/* End PBXTargetDependency section */

/* Begin PBXVariantGroup section */
		D3C372AA262E24A500C25080 /* Main.storyboard */ = {
			isa = PBXVariantGroup;
			children = (
				D3C372AB262E24A500C25080 /* Base */,
			);
			name = Main.storyboard;
			sourceTree = "<group>";
		};
		D3C372B2262E24A800C25080 /* LaunchScreen.storyboard */ = {
			isa = PBXVariantGroup;
			children = (
				D3C372B3262E24A800C25080 /* Base */,
			);
			name = LaunchScreen.storyboard;
			sourceTree = "<group>";
		};
/* End PBXVariantGroup section */

/* Begin XCBuildConfiguration section */
		D3C372CC262E24A800C25080 /* Debug */ = {
			isa = XCBuildConfiguration;
			buildSettings = {
				ALWAYS_SEARCH_USER_PATHS = NO;
				CLANG_ANALYZER_NONNULL = YES;
				CLANG_ANALYZER_NUMBER_OBJECT_CONVERSION = YES_AGGRESSIVE;
				CLANG_CXX_LANGUAGE_STANDARD = "gnu++14";
				CLANG_CXX_LIBRARY = "libc++";
				CLANG_ENABLE_MODULES = YES;
				CLANG_ENABLE_OBJC_ARC = YES;
				CLANG_ENABLE_OBJC_WEAK = YES;
				CLANG_WARN_BLOCK_CAPTURE_AUTORELEASING = YES;
				CLANG_WARN_BOOL_CONVERSION = YES;
				CLANG_WARN_COMMA = YES;
				CLANG_WARN_CONSTANT_CONVERSION = YES;
				CLANG_WARN_DEPRECATED_OBJC_IMPLEMENTATIONS = YES;
				CLANG_WARN_DIRECT_OBJC_ISA_USAGE = YES_ERROR;
				CLANG_WARN_DOCUMENTATION_COMMENTS = YES;
				CLANG_WARN_EMPTY_BODY = YES;
				CLANG_WARN_ENUM_CONVERSION = YES;
				CLANG_WARN_INFINITE_RECURSION = YES;
				CLANG_WARN_INT_CONVERSION = YES;
				CLANG_WARN_NON_LITERAL_NULL_CONVERSION = YES;
				CLANG_WARN_OBJC_IMPLICIT_RETAIN_SELF = YES;
				CLANG_WARN_OBJC_LITERAL_CONVERSION = YES;
				CLANG_WARN_OBJC_ROOT_CLASS = YES_ERROR;
				CLANG_WARN_QUOTED_INCLUDE_IN_FRAMEWORK_HEADER = YES;
				CLANG_WARN_RANGE_LOOP_ANALYSIS = YES;
				CLANG_WARN_STRICT_PROTOTYPES = YES;
				CLANG_WARN_SUSPICIOUS_MOVE = YES;
				CLANG_WARN_UNGUARDED_AVAILABILITY = YES_AGGRESSIVE;
				CLANG_WARN_UNREACHABLE_CODE = YES;
				CLANG_WARN__DUPLICATE_METHOD_MATCH = YES;
				COPY_PHASE_STRIP = NO;
				DEBUG_INFORMATION_FORMAT = dwarf;
				ENABLE_STRICT_OBJC_MSGSEND = YES;
				ENABLE_TESTABILITY = YES;
				GCC_C_LANGUAGE_STANDARD = gnu11;
				GCC_DYNAMIC_NO_PIC = NO;
				GCC_NO_COMMON_BLOCKS = YES;
				GCC_OPTIMIZATION_LEVEL = 0;
				GCC_PREPROCESSOR_DEFINITIONS = (
					"DEBUG=1",
					"$(inherited)",
				);
				GCC_WARN_64_TO_32_BIT_CONVERSION = YES;
				GCC_WARN_ABOUT_RETURN_TYPE = YES_ERROR;
				GCC_WARN_UNDECLARED_SELECTOR = YES;
				GCC_WARN_UNINITIALIZED_AUTOS = YES_AGGRESSIVE;
				GCC_WARN_UNUSED_FUNCTION = YES;
				GCC_WARN_UNUSED_VARIABLE = YES;
				IPHONEOS_DEPLOYMENT_TARGET = 14.2;
				MTL_ENABLE_DEBUG_INFO = INCLUDE_SOURCE;
				MTL_FAST_MATH = YES;
				ONLY_ACTIVE_ARCH = YES;
				SDKROOT = iphoneos;
				SWIFT_ACTIVE_COMPILATION_CONDITIONS = DEBUG;
				SWIFT_OPTIMIZATION_LEVEL = "-Onone";
			};
			name = Debug;
		};
		D3C372CD262E24A800C25080 /* Release */ = {
			isa = XCBuildConfiguration;
			buildSettings = {
				ALWAYS_SEARCH_USER_PATHS = NO;
				CLANG_ANALYZER_NONNULL = YES;
				CLANG_ANALYZER_NUMBER_OBJECT_CONVERSION = YES_AGGRESSIVE;
				CLANG_CXX_LANGUAGE_STANDARD = "gnu++14";
				CLANG_CXX_LIBRARY = "libc++";
				CLANG_ENABLE_MODULES = YES;
				CLANG_ENABLE_OBJC_ARC = YES;
				CLANG_ENABLE_OBJC_WEAK = YES;
				CLANG_WARN_BLOCK_CAPTURE_AUTORELEASING = YES;
				CLANG_WARN_BOOL_CONVERSION = YES;
				CLANG_WARN_COMMA = YES;
				CLANG_WARN_CONSTANT_CONVERSION = YES;
				CLANG_WARN_DEPRECATED_OBJC_IMPLEMENTATIONS = YES;
				CLANG_WARN_DIRECT_OBJC_ISA_USAGE = YES_ERROR;
				CLANG_WARN_DOCUMENTATION_COMMENTS = YES;
				CLANG_WARN_EMPTY_BODY = YES;
				CLANG_WARN_ENUM_CONVERSION = YES;
				CLANG_WARN_INFINITE_RECURSION = YES;
				CLANG_WARN_INT_CONVERSION = YES;
				CLANG_WARN_NON_LITERAL_NULL_CONVERSION = YES;
				CLANG_WARN_OBJC_IMPLICIT_RETAIN_SELF = YES;
				CLANG_WARN_OBJC_LITERAL_CONVERSION = YES;
				CLANG_WARN_OBJC_ROOT_CLASS = YES_ERROR;
				CLANG_WARN_QUOTED_INCLUDE_IN_FRAMEWORK_HEADER = YES;
				CLANG_WARN_RANGE_LOOP_ANALYSIS = YES;
				CLANG_WARN_STRICT_PROTOTYPES = YES;
				CLANG_WARN_SUSPICIOUS_MOVE = YES;
				CLANG_WARN_UNGUARDED_AVAILABILITY = YES_AGGRESSIVE;
				CLANG_WARN_UNREACHABLE_CODE = YES;
				CLANG_WARN__DUPLICATE_METHOD_MATCH = YES;
				COPY_PHASE_STRIP = NO;
				DEBUG_INFORMATION_FORMAT = "dwarf-with-dsym";
				ENABLE_NS_ASSERTIONS = NO;
				ENABLE_STRICT_OBJC_MSGSEND = YES;
				GCC_C_LANGUAGE_STANDARD = gnu11;
				GCC_NO_COMMON_BLOCKS = YES;
				GCC_WARN_64_TO_32_BIT_CONVERSION = YES;
				GCC_WARN_ABOUT_RETURN_TYPE = YES_ERROR;
				GCC_WARN_UNDECLARED_SELECTOR = YES;
				GCC_WARN_UNINITIALIZED_AUTOS = YES_AGGRESSIVE;
				GCC_WARN_UNUSED_FUNCTION = YES;
				GCC_WARN_UNUSED_VARIABLE = YES;
				IPHONEOS_DEPLOYMENT_TARGET = 14.2;
				MTL_ENABLE_DEBUG_INFO = NO;
				MTL_FAST_MATH = YES;
				SDKROOT = iphoneos;
				SWIFT_COMPILATION_MODE = wholemodule;
				SWIFT_OPTIMIZATION_LEVEL = "-O";
				VALIDATE_PRODUCT = YES;
			};
			name = Release;
		};
		D3C372CF262E24A800C25080 /* Debug */ = {
			isa = XCBuildConfiguration;
			baseConfigurationReference = 9AB0D55D02C56D11C57DBD83 /* Pods-SportsApp.debug.xcconfig */;
			buildSettings = {
				ASSETCATALOG_COMPILER_APPICON_NAME = AppIcon;
				ASSETCATALOG_COMPILER_GLOBAL_ACCENT_COLOR_NAME = AccentColor;
				CODE_SIGN_STYLE = Automatic;
				DEVELOPMENT_TEAM = W7DFJB5NCS;
				INFOPLIST_FILE = SportsApp/Info.plist;
				LD_RUNPATH_SEARCH_PATHS = (
					"$(inherited)",
					"@executable_path/Frameworks",
				);
				PRODUCT_BUNDLE_IDENTIFIER = com.SportsApp;
				PRODUCT_NAME = "$(TARGET_NAME)";
				SWIFT_VERSION = 5.0;
				TARGETED_DEVICE_FAMILY = "1,2";
			};
			name = Debug;
		};
		D3C372D0262E24A800C25080 /* Release */ = {
			isa = XCBuildConfiguration;
			baseConfigurationReference = BE3B55902571FBB8A0B49A80 /* Pods-SportsApp.release.xcconfig */;
			buildSettings = {
				ASSETCATALOG_COMPILER_APPICON_NAME = AppIcon;
				ASSETCATALOG_COMPILER_GLOBAL_ACCENT_COLOR_NAME = AccentColor;
				CODE_SIGN_STYLE = Automatic;
				DEVELOPMENT_TEAM = W7DFJB5NCS;
				INFOPLIST_FILE = SportsApp/Info.plist;
				LD_RUNPATH_SEARCH_PATHS = (
					"$(inherited)",
					"@executable_path/Frameworks",
				);
				PRODUCT_BUNDLE_IDENTIFIER = com.SportsApp;
				PRODUCT_NAME = "$(TARGET_NAME)";
				SWIFT_VERSION = 5.0;
				TARGETED_DEVICE_FAMILY = "1,2";
			};
			name = Release;
		};
		D3C372D2262E24A800C25080 /* Debug */ = {
			isa = XCBuildConfiguration;
			baseConfigurationReference = 5B0BAF2339041B2EDCBA1763 /* Pods-SportsAppTests.debug.xcconfig */;
			buildSettings = {
				ALWAYS_EMBED_SWIFT_STANDARD_LIBRARIES = YES;
				BUNDLE_LOADER = "$(TEST_HOST)";
				CODE_SIGN_STYLE = Automatic;
				DEVELOPMENT_TEAM = W7DFJB5NCS;
				INFOPLIST_FILE = SportsAppTests/Info.plist;
				IPHONEOS_DEPLOYMENT_TARGET = 14.2;
				LD_RUNPATH_SEARCH_PATHS = (
					"$(inherited)",
					"@executable_path/Frameworks",
					"@loader_path/Frameworks",
				);
				PRODUCT_BUNDLE_IDENTIFIER = com.SportsAppTests;
				PRODUCT_NAME = "$(TARGET_NAME)";
				SWIFT_VERSION = 5.0;
				TARGETED_DEVICE_FAMILY = "1,2";
				TEST_HOST = "$(BUILT_PRODUCTS_DIR)/SportsApp.app/SportsApp";
			};
			name = Debug;
		};
		D3C372D3262E24A800C25080 /* Release */ = {
			isa = XCBuildConfiguration;
			baseConfigurationReference = D0EEACE6DE31022DDF8A3BC0 /* Pods-SportsAppTests.release.xcconfig */;
			buildSettings = {
				ALWAYS_EMBED_SWIFT_STANDARD_LIBRARIES = YES;
				BUNDLE_LOADER = "$(TEST_HOST)";
				CODE_SIGN_STYLE = Automatic;
				DEVELOPMENT_TEAM = W7DFJB5NCS;
				INFOPLIST_FILE = SportsAppTests/Info.plist;
				IPHONEOS_DEPLOYMENT_TARGET = 14.2;
				LD_RUNPATH_SEARCH_PATHS = (
					"$(inherited)",
					"@executable_path/Frameworks",
					"@loader_path/Frameworks",
				);
				PRODUCT_BUNDLE_IDENTIFIER = com.SportsAppTests;
				PRODUCT_NAME = "$(TARGET_NAME)";
				SWIFT_VERSION = 5.0;
				TARGETED_DEVICE_FAMILY = "1,2";
				TEST_HOST = "$(BUILT_PRODUCTS_DIR)/SportsApp.app/SportsApp";
			};
			name = Release;
		};
		D3C372D5262E24A800C25080 /* Debug */ = {
			isa = XCBuildConfiguration;
			baseConfigurationReference = D1B4E7499360CB20214EB406 /* Pods-SportsApp-SportsAppUITests.debug.xcconfig */;
			buildSettings = {
				ALWAYS_EMBED_SWIFT_STANDARD_LIBRARIES = YES;
				CODE_SIGN_STYLE = Automatic;
				DEVELOPMENT_TEAM = W7DFJB5NCS;
				INFOPLIST_FILE = SportsAppUITests/Info.plist;
				LD_RUNPATH_SEARCH_PATHS = (
					"$(inherited)",
					"@executable_path/Frameworks",
					"@loader_path/Frameworks",
				);
				PRODUCT_BUNDLE_IDENTIFIER = com.SportsAppUITests;
				PRODUCT_NAME = "$(TARGET_NAME)";
				SWIFT_VERSION = 5.0;
				TARGETED_DEVICE_FAMILY = "1,2";
				TEST_TARGET_NAME = SportsApp;
			};
			name = Debug;
		};
		D3C372D6262E24A800C25080 /* Release */ = {
			isa = XCBuildConfiguration;
			baseConfigurationReference = F3DD3823F8B22F45491EEE44 /* Pods-SportsApp-SportsAppUITests.release.xcconfig */;
			buildSettings = {
				ALWAYS_EMBED_SWIFT_STANDARD_LIBRARIES = YES;
				CODE_SIGN_STYLE = Automatic;
				DEVELOPMENT_TEAM = W7DFJB5NCS;
				INFOPLIST_FILE = SportsAppUITests/Info.plist;
				LD_RUNPATH_SEARCH_PATHS = (
					"$(inherited)",
					"@executable_path/Frameworks",
					"@loader_path/Frameworks",
				);
				PRODUCT_BUNDLE_IDENTIFIER = com.SportsAppUITests;
				PRODUCT_NAME = "$(TARGET_NAME)";
				SWIFT_VERSION = 5.0;
				TARGETED_DEVICE_FAMILY = "1,2";
				TEST_TARGET_NAME = SportsApp;
			};
			name = Release;
		};
/* End XCBuildConfiguration section */

/* Begin XCConfigurationList section */
		D3C3729C262E24A500C25080 /* Build configuration list for PBXProject "SportsApp" */ = {
			isa = XCConfigurationList;
			buildConfigurations = (
				D3C372CC262E24A800C25080 /* Debug */,
				D3C372CD262E24A800C25080 /* Release */,
			);
			defaultConfigurationIsVisible = 0;
			defaultConfigurationName = Release;
		};
		D3C372CE262E24A800C25080 /* Build configuration list for PBXNativeTarget "SportsApp" */ = {
			isa = XCConfigurationList;
			buildConfigurations = (
				D3C372CF262E24A800C25080 /* Debug */,
				D3C372D0262E24A800C25080 /* Release */,
			);
			defaultConfigurationIsVisible = 0;
			defaultConfigurationName = Release;
		};
		D3C372D1262E24A800C25080 /* Build configuration list for PBXNativeTarget "SportsAppTests" */ = {
			isa = XCConfigurationList;
			buildConfigurations = (
				D3C372D2262E24A800C25080 /* Debug */,
				D3C372D3262E24A800C25080 /* Release */,
			);
			defaultConfigurationIsVisible = 0;
			defaultConfigurationName = Release;
		};
		D3C372D4262E24A800C25080 /* Build configuration list for PBXNativeTarget "SportsAppUITests" */ = {
			isa = XCConfigurationList;
			buildConfigurations = (
				D3C372D5262E24A800C25080 /* Debug */,
				D3C372D6262E24A800C25080 /* Release */,
			);
			defaultConfigurationIsVisible = 0;
			defaultConfigurationName = Release;
		};
/* End XCConfigurationList section */

/* Begin XCVersionGroup section */
		D3C372AD262E24A500C25080 /* SportsApp.xcdatamodeld */ = {
			isa = XCVersionGroup;
			children = (
				D3C372AE262E24A500C25080 /* SportsApp.xcdatamodel */,
			);
			currentVersion = D3C372AE262E24A500C25080 /* SportsApp.xcdatamodel */;
			path = SportsApp.xcdatamodeld;
			sourceTree = "<group>";
			versionGroupType = wrapper.xcdatamodel;
		};
/* End XCVersionGroup section */
	};
	rootObject = D3C37299262E24A500C25080 /* Project object */;
}
